
Microsoft Visual Studio Solution File, Format Version 12.00
# Visual Studio Version 17
VisualStudioVersion = 17.10.35027.167
MinimumVisualStudioVersion = 10.0.40219.1
Project("{FAE04EC0-301F-11D3-BF4B-00C04F79EFBC}") = "GroupAPI", "GroupAPI\GroupAPI.csproj", "{0756A983-AD5D-4261-A9BF-D957BAC23F66}"
EndProject
Global
	GlobalSection(SolutionConfigurationPlatforms) = preSolution
		Debug|Any CPU = Debug|Any CPU
		Release|Any CPU = Release|Any CPU
	EndGlobalSection
	GlobalSection(ProjectConfigurationPlatforms) = postSolution
		{0756A983-AD5D-4261-A9BF-D957BAC23F66}.Debug|Any CPU.ActiveCfg = Debug|Any CPU
		{0756A983-AD5D-4261-A9BF-D957BAC23F66}.Debug|Any CPU.Build.0 = Debug|Any CPU
		{0756A983-AD5D-4261-A9BF-D957BAC23F66}.Release|Any CPU.ActiveCfg = Release|Any CPU
		{0756A983-AD5D-4261-A9BF-D957BAC23F66}.Release|Any CPU.Build.0 = Release|Any CPU
	EndGlobalSection
	GlobalSection(SolutionProperties) = preSolution
		HideSolutionNode = FALSE
	EndGlobalSection
	GlobalSection(ExtensibilityGlobals) = postSolution
		SolutionGuid = {91E4C8B4-A235-4F52-BA22-DB2FC1481DC0}
	EndGlobalSection
EndGlobal
